
Microsoft Visual Studio Solution File, Format Version 12.00
# Visual Studio Version 17
VisualStudioVersion = 17.8.34511.84
MinimumVisualStudioVersion = 10.0.40219.1
Project("{FAE04EC0-301F-11D3-BF4B-00C04F79EFBC}") = "ChessGame2", "ChessGame2\ChessGame2.csproj", "{040AA953-860F-4CD9-B14A-94041CE601B3}"
EndProject
Global
	GlobalSection(SolutionConfigurationPlatforms) = preSolution
		Debug|Any CPU = Debug|Any CPU
		Release|Any CPU = Release|Any CPU
	EndGlobalSection
	GlobalSection(ProjectConfigurationPlatforms) = postSolution
		{040AA953-860F-4CD9-B14A-94041CE601B3}.Debug|Any CPU.ActiveCfg = Debug|Any CPU
		{040AA953-860F-4CD9-B14A-94041CE601B3}.Debug|Any CPU.Build.0 = Debug|Any CPU
		{040AA953-860F-4CD9-B14A-94041CE601B3}.Release|Any CPU.ActiveCfg = Release|Any CPU
		{040AA953-860F-4CD9-B14A-94041CE601B3}.Release|Any CPU.Build.0 = Release|Any CPU
	EndGlobalSection
	GlobalSection(SolutionProperties) = preSolution
		HideSolutionNode = FALSE
	EndGlobalSection
	GlobalSection(ExtensibilityGlobals) = postSolution
		SolutionGuid = {2B5E47DB-AB0F-4AE4-BE74-F4075B5BCF36}
	EndGlobalSection
EndGlobal
